
Microsoft Visual Studio Solution File, Format Version 12.00
# Visual Studio Version 16
VisualStudioVersion = 16.0.30011.22
MinimumVisualStudioVersion = 10.0.40219.1
Project("{FAE04EC0-301F-11D3-BF4B-00C04F79EFBC}") = "StudentsRegistrySeleniumAndPOM", "RegisterUserSeleniumAndPOM\StudentsRegistrySeleniumAndPOM.csproj", "{8B5EBE85-FCB9-4062-AD11-8A6D75AEF707}"
EndProject
Global
	GlobalSection(SolutionConfigurationPlatforms) = preSolution
		Debug|Any CPU = Debug|Any CPU
		Release|Any CPU = Release|Any CPU
	EndGlobalSection
	GlobalSection(ProjectConfigurationPlatforms) = postSolution
		{8B5EBE85-FCB9-4062-AD11-8A6D75AEF707}.Debug|Any CPU.ActiveCfg = Debug|Any CPU
		{8B5EBE85-FCB9-4062-AD11-8A6D75AEF707}.Debug|Any CPU.Build.0 = Debug|Any CPU
		{8B5EBE85-FCB9-4062-AD11-8A6D75AEF707}.Release|Any CPU.ActiveCfg = Release|Any CPU
		{8B5EBE85-FCB9-4062-AD11-8A6D75AEF707}.Release|Any CPU.Build.0 = Release|Any CPU
	EndGlobalSection
	GlobalSection(SolutionProperties) = preSolution
		HideSolutionNode = FALSE
	EndGlobalSection
	GlobalSection(ExtensibilityGlobals) = postSolution
		SolutionGuid = {9D31DAC9-B4FE-4A24-AA0A-F76D1B431E14}
	EndGlobalSection
EndGlobal
